
Microsoft Visual Studio Solution File, Format Version 12.00
# Visual Studio Version 16
VisualStudioVersion = 16.0.30011.22
MinimumVisualStudioVersion = 10.0.40219.1
Project("{FAE04EC0-301F-11D3-BF4B-00C04F79EFBC}") = "QuanLyRapPhim", "QuanLyRapPhim.csproj", "{CA29029B-7247-46E7-925A-0E44F423871F}"
EndProject
Global
	GlobalSection(SolutionConfigurationPlatforms) = preSolution
		Debug|Any CPU = Debug|Any CPU
		Release|Any CPU = Release|Any CPU
	EndGlobalSection
	GlobalSection(ProjectConfigurationPlatforms) = postSolution
		{CA29029B-7247-46E7-925A-0E44F423871F}.Debug|Any CPU.ActiveCfg = Debug|Any CPU
		{CA29029B-7247-46E7-925A-0E44F423871F}.Debug|Any CPU.Build.0 = Debug|Any CPU
		{CA29029B-7247-46E7-925A-0E44F423871F}.Release|Any CPU.ActiveCfg = Release|Any CPU
		{CA29029B-7247-46E7-925A-0E44F423871F}.Release|Any CPU.Build.0 = Release|Any CPU
	EndGlobalSection
	GlobalSection(SolutionProperties) = preSolution
		HideSolutionNode = FALSE
	EndGlobalSection
	GlobalSection(ExtensibilityGlobals) = postSolution
		SolutionGuid = {A6116651-58AE-4F1A-B408-E7E2A7FE1F6B}
	EndGlobalSection
EndGlobal
